
Microsoft Visual Studio Solution File, Format Version 12.00
# Visual Studio Version 16
VisualStudioVersion = 16.0.31205.134
MinimumVisualStudioVersion = 10.0.40219.1
Project("{FAE04EC0-301F-11D3-BF4B-00C04F79EFBC}") = "Viewer", "Viewer\Viewer.csproj", "{5AB4975B-B667-403D-AA46-507DBFBE9305}"
EndProject
Global
	GlobalSection(SolutionConfigurationPlatforms) = preSolution
		Debug|Any CPU = Debug|Any CPU
		Release|Any CPU = Release|Any CPU
	EndGlobalSection
	GlobalSection(ProjectConfigurationPlatforms) = postSolution
		{5AB4975B-B667-403D-AA46-507DBFBE9305}.Debug|Any CPU.ActiveCfg = Debug|Any CPU
		{5AB4975B-B667-403D-AA46-507DBFBE9305}.Debug|Any CPU.Build.0 = Debug|Any CPU
		{5AB4975B-B667-403D-AA46-507DBFBE9305}.Release|Any CPU.ActiveCfg = Release|Any CPU
		{5AB4975B-B667-403D-AA46-507DBFBE9305}.Release|Any CPU.Build.0 = Release|Any CPU
	EndGlobalSection
	GlobalSection(SolutionProperties) = preSolution
		HideSolutionNode = FALSE
	EndGlobalSection
	GlobalSection(ExtensibilityGlobals) = postSolution
		SolutionGuid = {FAAF3D29-52F7-46FC-9AF8-9A061B0EC9DB}
	EndGlobalSection
EndGlobal
